
Microsoft Visual Studio Solution File, Format Version 12.00
# Visual Studio Version 17
VisualStudioVersion = 17.5.33502.453
MinimumVisualStudioVersion = 10.0.40219.1
Project("{8BC9CEB8-8B4A-11D0-8D11-00A0C91BC942}") = "Space Shooter Game", "Space Shooter Game.vcxproj", "{16FCE1FA-8489-489D-BA56-01A0B450A5BF}"
EndProject
Global
	GlobalSection(SolutionConfigurationPlatforms) = preSolution
		Debug|x64 = Debug|x64
		Debug|x86 = Debug|x86
		Release|x64 = Release|x64
		Release|x86 = Release|x86
	EndGlobalSection
	GlobalSection(ProjectConfigurationPlatforms) = postSolution
		{16FCE1FA-8489-489D-BA56-01A0B450A5BF}.Debug|x64.ActiveCfg = Debug|x64
		{16FCE1FA-8489-489D-BA56-01A0B450A5BF}.Debug|x64.Build.0 = Debug|x64
		{16FCE1FA-8489-489D-BA56-01A0B450A5BF}.Debug|x86.ActiveCfg = Debug|Win32
		{16FCE1FA-8489-489D-BA56-01A0B450A5BF}.Debug|x86.Build.0 = Debug|Win32
		{16FCE1FA-8489-489D-BA56-01A0B450A5BF}.Release|x64.ActiveCfg = Release|x64
		{16FCE1FA-8489-489D-BA56-01A0B450A5BF}.Release|x64.Build.0 = Release|x64
		{16FCE1FA-8489-489D-BA56-01A0B450A5BF}.Release|x86.ActiveCfg = Release|Win32
		{16FCE1FA-8489-489D-BA56-01A0B450A5BF}.Release|x86.Build.0 = Release|Win32
	EndGlobalSection
	GlobalSection(SolutionProperties) = preSolution
		HideSolutionNode = FALSE
	EndGlobalSection
	GlobalSection(ExtensibilityGlobals) = postSolution
		SolutionGuid = {6340A1E5-9F4B-4BE8-BB44-A97F9F25526C}
	EndGlobalSection
EndGlobal
